
Microsoft Visual Studio Solution File, Format Version 12.00
# Visual Studio Version 17
VisualStudioVersion = 17.7.34031.279
MinimumVisualStudioVersion = 10.0.40219.1
Project("{FAE04EC0-301F-11D3-BF4B-00C04F79EFBC}") = "TheGameProject", "TheGameProject.csproj", "{6BBF4F7B-6931-470D-A17A-FFF7AC8C2CC1}"
EndProject
Global
	GlobalSection(SolutionConfigurationPlatforms) = preSolution
		Debug|Any CPU = Debug|Any CPU
		Release|Any CPU = Release|Any CPU
	EndGlobalSection
	GlobalSection(ProjectConfigurationPlatforms) = postSolution
		{6BBF4F7B-6931-470D-A17A-FFF7AC8C2CC1}.Debug|Any CPU.ActiveCfg = Debug|Any CPU
		{6BBF4F7B-6931-470D-A17A-FFF7AC8C2CC1}.Debug|Any CPU.Build.0 = Debug|Any CPU
		{6BBF4F7B-6931-470D-A17A-FFF7AC8C2CC1}.Release|Any CPU.ActiveCfg = Release|Any CPU
		{6BBF4F7B-6931-470D-A17A-FFF7AC8C2CC1}.Release|Any CPU.Build.0 = Release|Any CPU
	EndGlobalSection
	GlobalSection(SolutionProperties) = preSolution
		HideSolutionNode = FALSE
	EndGlobalSection
	GlobalSection(ExtensibilityGlobals) = postSolution
		SolutionGuid = {E5A43F14-32D8-4A7A-8708-D114674C5755}
	EndGlobalSection
EndGlobal
