
Microsoft Visual Studio Solution File, Format Version 12.00
# Visual Studio Version 17
VisualStudioVersion = 17.7.34024.191
MinimumVisualStudioVersion = 10.0.40219.1
Project("{FAE04EC0-301F-11D3-BF4B-00C04F79EFBC}") = "ClassPlayground", "ClassPlayground\ClassPlayground.csproj", "{F452BABA-758E-4110-AB50-DC2799E42B54}"
EndProject
Global
	GlobalSection(SolutionConfigurationPlatforms) = preSolution
		Debug|Any CPU = Debug|Any CPU
		Release|Any CPU = Release|Any CPU
	EndGlobalSection
	GlobalSection(ProjectConfigurationPlatforms) = postSolution
		{F452BABA-758E-4110-AB50-DC2799E42B54}.Debug|Any CPU.ActiveCfg = Debug|Any CPU
		{F452BABA-758E-4110-AB50-DC2799E42B54}.Debug|Any CPU.Build.0 = Debug|Any CPU
		{F452BABA-758E-4110-AB50-DC2799E42B54}.Release|Any CPU.ActiveCfg = Release|Any CPU
		{F452BABA-758E-4110-AB50-DC2799E42B54}.Release|Any CPU.Build.0 = Release|Any CPU
	EndGlobalSection
	GlobalSection(SolutionProperties) = preSolution
		HideSolutionNode = FALSE
	EndGlobalSection
	GlobalSection(ExtensibilityGlobals) = postSolution
		SolutionGuid = {857F0DF0-9DE9-4F02-8CAD-5EABFF79BF09}
	EndGlobalSection
EndGlobal
